// !$*UTF8*$!
{
	archiveVersion = 1;
	classes = {
	};
	objectVersion = 46;
	objects = {

/* Begin PBXBuildFile section */
		D30C96BE182E05800036FD8C /* GSSKit.h in Headers */ = {isa = PBXBuildFile; fileRef = D336E239182AE174009271CD /* GSSKit.h */; settings = {ATTRIBUTES = (Public, ); }; };
		D30C96C5182E0CBE0036FD8C /* GSSCFName.h in Headers */ = {isa = PBXBuildFile; fileRef = D30C96C3182E0CBE0036FD8C /* GSSCFName.h */; };
		D30C96C6182E0CBE0036FD8C /* GSSCFName.m in Sources */ = {isa = PBXBuildFile; fileRef = D30C96C4182E0CBE0036FD8C /* GSSCFName.m */; settings = {COMPILER_FLAGS = "-fno-objc-arc"; }; };
		D30C96C9182E0CC80036FD8C /* GSSCFCredential.h in Headers */ = {isa = PBXBuildFile; fileRef = D30C96C7182E0CC80036FD8C /* GSSCFCredential.h */; };
		D30C96CA182E0CC80036FD8C /* GSSCFCredential.m in Sources */ = {isa = PBXBuildFile; fileRef = D30C96C8182E0CC80036FD8C /* GSSCFCredential.m */; settings = {COMPILER_FLAGS = "-fno-objc-arc"; }; };
		D30C96CD182E0CCF0036FD8C /* GSSCFItem.h in Headers */ = {isa = PBXBuildFile; fileRef = D30C96CB182E0CCF0036FD8C /* GSSCFItem.h */; };
		D30C96CE182E0CCF0036FD8C /* GSSCFItem.m in Sources */ = {isa = PBXBuildFile; fileRef = D30C96CC182E0CCF0036FD8C /* GSSCFItem.m */; settings = {COMPILER_FLAGS = "-fno-objc-arc"; }; };
		D30C96D1182F522C0036FD8C /* GSSChannelBindings+Private.h in Headers */ = {isa = PBXBuildFile; fileRef = D30C96CF182F522C0036FD8C /* GSSChannelBindings+Private.h */; };
		D30C96D2182F522C0036FD8C /* GSSChannelBindings+Private.m in Sources */ = {isa = PBXBuildFile; fileRef = D30C96D0182F522C0036FD8C /* GSSChannelBindings+Private.m */; };
		D30C96D5182F52750036FD8C /* GSSMechanism+Private.h in Headers */ = {isa = PBXBuildFile; fileRef = D30C96D3182F52750036FD8C /* GSSMechanism+Private.h */; };
		D30C96D6182F52750036FD8C /* GSSMechanism+Private.m in Sources */ = {isa = PBXBuildFile; fileRef = D30C96D4182F52750036FD8C /* GSSMechanism+Private.m */; };
		D30C96D9182F53780036FD8C /* GSSName+Private.h in Headers */ = {isa = PBXBuildFile; fileRef = D30C96D7182F53780036FD8C /* GSSName+Private.h */; };
		D30C96DA182F53780036FD8C /* GSSName+Private.m in Sources */ = {isa = PBXBuildFile; fileRef = D30C96D8182F53780036FD8C /* GSSName+Private.m */; };
		D30C96DD1830F6490036FD8C /* GSSItem+AcquireCredGlue.h in Headers */ = {isa = PBXBuildFile; fileRef = D30C96DB1830F6490036FD8C /* GSSItem+AcquireCredGlue.h */; };
		D30C96DE1830F6490036FD8C /* GSSItem+AcquireCredGlue.m in Sources */ = {isa = PBXBuildFile; fileRef = D30C96DC1830F6490036FD8C /* GSSItem+AcquireCredGlue.m */; };
		D336E237182AE174009271CD /* InfoPlist.strings in Resources */ = {isa = PBXBuildFile; fileRef = D336E235182AE174009271CD /* InfoPlist.strings */; };
		D336E23B182AE174009271CD /* GSSKit.m in Sources */ = {isa = PBXBuildFile; fileRef = D336E23A182AE174009271CD /* GSSKit.m */; };
		D336E242182AE174009271CD /* XCTest.framework in Frameworks */ = {isa = PBXBuildFile; fileRef = D336E241182AE174009271CD /* XCTest.framework */; };
		D336E243182AE174009271CD /* Cocoa.framework in Frameworks */ = {isa = PBXBuildFile; fileRef = D336E22C182AE174009271CD /* Cocoa.framework */; };
		D336E246182AE174009271CD /* GSSKit.framework in Frameworks */ = {isa = PBXBuildFile; fileRef = D336E229182AE174009271CD /* GSSKit.framework */; };
		D336E24C182AE174009271CD /* InfoPlist.strings in Resources */ = {isa = PBXBuildFile; fileRef = D336E24A182AE174009271CD /* InfoPlist.strings */; };
		D336E24E182AE174009271CD /* GSSKitTests.m in Sources */ = {isa = PBXBuildFile; fileRef = D336E24D182AE174009271CD /* GSSKitTests.m */; };
		D336E258182AE1C8009271CD /* GSSItem.h in Headers */ = {isa = PBXBuildFile; fileRef = D336E257182AE1C8009271CD /* GSSItem.h */; settings = {ATTRIBUTES = (Public, ); }; };
		D336E260182AE3B5009271CD /* Foundation.framework in Frameworks */ = {isa = PBXBuildFile; fileRef = D336E22F182AE174009271CD /* Foundation.framework */; };
		D336E262182AE3B5009271CD /* CoreFoundation.framework in Frameworks */ = {isa = PBXBuildFile; fileRef = D336E261182AE3B5009271CD /* CoreFoundation.framework */; };
		D336E264182AE3D1009271CD /* GSS.framework in Frameworks */ = {isa = PBXBuildFile; fileRef = D336E263182AE3D1009271CD /* GSS.framework */; };
		D336E267182AF7DA009271CD /* GSSItem+SyncOperations.h in Headers */ = {isa = PBXBuildFile; fileRef = D336E265182AF7D9009271CD /* GSSItem+SyncOperations.h */; settings = {ATTRIBUTES = (Public, ); }; };
		D336E268182AF7DA009271CD /* GSSItem+SyncOperations.m in Sources */ = {isa = PBXBuildFile; fileRef = D336E266182AF7D9009271CD /* GSSItem+SyncOperations.m */; };
		D336E26A182B4CF2009271CD /* GSSItem.m in Sources */ = {isa = PBXBuildFile; fileRef = D336E269182B4CF2009271CD /* GSSItem.m */; };
		D336E26E182B4E7E009271CD /* GSSItem+AsyncOperations.h in Headers */ = {isa = PBXBuildFile; fileRef = D336E26C182B4E7E009271CD /* GSSItem+AsyncOperations.h */; settings = {ATTRIBUTES = (Public, ); }; };
		D336E26F182B4E7E009271CD /* GSSItem+AsyncOperations.m in Sources */ = {isa = PBXBuildFile; fileRef = D336E26D182B4E7E009271CD /* GSSItem+AsyncOperations.m */; };
		D336E2B3182BA713009271CD /* GSSName.h in Headers */ = {isa = PBXBuildFile; fileRef = D336E2B1182BA713009271CD /* GSSName.h */; settings = {ATTRIBUTES = (Public, ); }; };
		D336E2B4182BA713009271CD /* GSSName.m in Sources */ = {isa = PBXBuildFile; fileRef = D336E2B2182BA713009271CD /* GSSName.m */; };
		D336E2B7182BA733009271CD /* GSSCredential.h in Headers */ = {isa = PBXBuildFile; fileRef = D336E2B5182BA733009271CD /* GSSCredential.h */; settings = {ATTRIBUTES = (Public, ); }; };
		D336E2B8182BA733009271CD /* GSSCredential.m in Sources */ = {isa = PBXBuildFile; fileRef = D336E2B6182BA733009271CD /* GSSCredential.m */; };
		D336E2C3182C54AD009271CD /* GSSMechanism.h in Headers */ = {isa = PBXBuildFile; fileRef = D336E2C1182C54AD009271CD /* GSSMechanism.h */; settings = {ATTRIBUTES = (Public, ); }; };
		D336E2C4182C54AD009271CD /* GSSMechanism.m in Sources */ = {isa = PBXBuildFile; fileRef = D336E2C2182C54AD009271CD /* GSSMechanism.m */; };
		D336E2C7182C622F009271CD /* GSSBuffer.h in Headers */ = {isa = PBXBuildFile; fileRef = D336E2C5182C622F009271CD /* GSSBuffer.h */; };
		D336E2C8182C622F009271CD /* GSSBuffer.m in Sources */ = {isa = PBXBuildFile; fileRef = D336E2C6182C622F009271CD /* GSSBuffer.m */; };
		D336E2CB182C686C009271CD /* GSSCredential+Private.h in Headers */ = {isa = PBXBuildFile; fileRef = D336E2C9182C686C009271CD /* GSSCredential+Private.h */; };
		D336E2CC182C686C009271CD /* GSSCredential+Private.m in Sources */ = {isa = PBXBuildFile; fileRef = D336E2CA182C686C009271CD /* GSSCredential+Private.m */; };
		D336E2CE182C9999009271CD /* Security.framework in Frameworks */ = {isa = PBXBuildFile; fileRef = D336E2CD182C9999009271CD /* Security.framework */; };
		D336E2D1182CA2DC009271CD /* GSSChannelBindings.h in Headers */ = {isa = PBXBuildFile; fileRef = D336E2CF182CA2DC009271CD /* GSSChannelBindings.h */; settings = {ATTRIBUTES = (Public, ); }; };
		D336E2D2182CA2DC009271CD /* GSSChannelBindings.m in Sources */ = {isa = PBXBuildFile; fileRef = D336E2D0182CA2DC009271CD /* GSSChannelBindings.m */; };
		D336E2D5182CA4C8009271CD /* GSSContext.h in Headers */ = {isa = PBXBuildFile; fileRef = D336E2D3182CA4C8009271CD /* GSSContext.h */; settings = {ATTRIBUTES = (Public, ); }; };
		D336E2D6182CA4C8009271CD /* GSSContext.m in Sources */ = {isa = PBXBuildFile; fileRef = D336E2D4182CA4C8009271CD /* GSSContext.m */; };
		D336E2DD182CC51F009271CD /* GSSURLSessionAuthenticationDelegate.h in Headers */ = {isa = PBXBuildFile; fileRef = D336E2DB182CC51F009271CD /* GSSURLSessionAuthenticationDelegate.h */; settings = {ATTRIBUTES = (Public, ); }; };
		D336E2DE182CC51F009271CD /* GSSURLSessionAuthenticationDelegate.m in Sources */ = {isa = PBXBuildFile; fileRef = D336E2DC182CC51F009271CD /* GSSURLSessionAuthenticationDelegate.m */; };
		D336E2E1182D0A9A009271CD /* NSError+GSSErrorHelper.h in Headers */ = {isa = PBXBuildFile; fileRef = D336E2DF182D0A9A009271CD /* NSError+GSSErrorHelper.h */; };
		D336E2E2182D0A9A009271CD /* NSError+GSSErrorHelper.m in Sources */ = {isa = PBXBuildFile; fileRef = D336E2E0182D0A9A009271CD /* NSError+GSSErrorHelper.m */; };
		D336E2E5182D0B16009271CD /* NSString+GSSBufferHelper.h in Headers */ = {isa = PBXBuildFile; fileRef = D336E2E3182D0B16009271CD /* NSString+GSSBufferHelper.h */; };
		D336E2E6182D0B16009271CD /* NSString+GSSBufferHelper.m in Sources */ = {isa = PBXBuildFile; fileRef = D336E2E4182D0B16009271CD /* NSString+GSSBufferHelper.m */; };
		D336E2E9182D0B6E009271CD /* NSArray+GSSOIDHelper.h in Headers */ = {isa = PBXBuildFile; fileRef = D336E2E7182D0B6E009271CD /* NSArray+GSSOIDHelper.h */; };
		D336E2EA182D0B6E009271CD /* NSArray+GSSOIDHelper.m in Sources */ = {isa = PBXBuildFile; fileRef = D336E2E8182D0B6E009271CD /* NSArray+GSSOIDHelper.m */; };
		D39EB1041872D6B500C43A24 /* Heimdal.framework in Frameworks */ = {isa = PBXBuildFile; fileRef = D39EB1031872D6B500C43A24 /* Heimdal.framework */; };
		D3B0942E1877CFB3006DB1DE /* mechqueue.h in Headers */ = {isa = PBXBuildFile; fileRef = D3B0942D1877CFB3006DB1DE /* mechqueue.h */; };
		D3BED8FE1873E6F700623B92 /* CFBridgeHelper.h in Headers */ = {isa = PBXBuildFile; fileRef = D3BED8FD1873E6F700623B92 /* CFBridgeHelper.h */; };
/* End PBXBuildFile section */

/* Begin PBXContainerItemProxy section */
		D336E244182AE174009271CD /* PBXContainerItemProxy */ = {
			isa = PBXContainerItemProxy;
			containerPortal = D336E220182AE174009271CD /* Project object */;
			proxyType = 1;
			remoteGlobalIDString = D336E228182AE174009271CD;
			remoteInfo = GSSKit;
		};
/* End PBXContainerItemProxy section */

/* Begin PBXFileReference section */
		D30C96C3182E0CBE0036FD8C /* GSSCFName.h */ = {isa = PBXFileReference; fileEncoding = 4; lastKnownFileType = sourcecode.c.h; path = GSSCFName.h; sourceTree = "<group>"; };
		D30C96C4182E0CBE0036FD8C /* GSSCFName.m */ = {isa = PBXFileReference; fileEncoding = 4; lastKnownFileType = sourcecode.c.objc; path = GSSCFName.m; sourceTree = "<group>"; };
		D30C96C7182E0CC80036FD8C /* GSSCFCredential.h */ = {isa = PBXFileReference; fileEncoding = 4; lastKnownFileType = sourcecode.c.h; path = GSSCFCredential.h; sourceTree = "<group>"; };
		D30C96C8182E0CC80036FD8C /* GSSCFCredential.m */ = {isa = PBXFileReference; fileEncoding = 4; lastKnownFileType = sourcecode.c.objc; path = GSSCFCredential.m; sourceTree = "<group>"; };
		D30C96CB182E0CCF0036FD8C /* GSSCFItem.h */ = {isa = PBXFileReference; fileEncoding = 4; lastKnownFileType = sourcecode.c.h; path = GSSCFItem.h; sourceTree = "<group>"; };
		D30C96CC182E0CCF0036FD8C /* GSSCFItem.m */ = {isa = PBXFileReference; fileEncoding = 4; lastKnownFileType = sourcecode.c.objc; path = GSSCFItem.m; sourceTree = "<group>"; };
		D30C96CF182F522C0036FD8C /* GSSChannelBindings+Private.h */ = {isa = PBXFileReference; fileEncoding = 4; lastKnownFileType = sourcecode.c.h; path = "GSSChannelBindings+Private.h"; sourceTree = "<group>"; };
		D30C96D0182F522C0036FD8C /* GSSChannelBindings+Private.m */ = {isa = PBXFileReference; fileEncoding = 4; lastKnownFileType = sourcecode.c.objc; path = "GSSChannelBindings+Private.m"; sourceTree = "<group>"; };
		D30C96D3182F52750036FD8C /* GSSMechanism+Private.h */ = {isa = PBXFileReference; fileEncoding = 4; lastKnownFileType = sourcecode.c.h; path = "GSSMechanism+Private.h"; sourceTree = "<group>"; };
		D30C96D4182F52750036FD8C /* GSSMechanism+Private.m */ = {isa = PBXFileReference; fileEncoding = 4; lastKnownFileType = sourcecode.c.objc; path = "GSSMechanism+Private.m"; sourceTree = "<group>"; };
		D30C96D7182F53780036FD8C /* GSSName+Private.h */ = {isa = PBXFileReference; fileEncoding = 4; lastKnownFileType = sourcecode.c.h; path = "GSSName+Private.h"; sourceTree = "<group>"; };
		D30C96D8182F53780036FD8C /* GSSName+Private.m */ = {isa = PBXFileReference; fileEncoding = 4; lastKnownFileType = sourcecode.c.objc; path = "GSSName+Private.m"; sourceTree = "<group>"; };
		D30C96DB1830F6490036FD8C /* GSSItem+AcquireCredGlue.h */ = {isa = PBXFileReference; fileEncoding = 4; lastKnownFileType = sourcecode.c.h; path = "GSSItem+AcquireCredGlue.h"; sourceTree = "<group>"; };
		D30C96DC1830F6490036FD8C /* GSSItem+AcquireCredGlue.m */ = {isa = PBXFileReference; fileEncoding = 4; lastKnownFileType = sourcecode.c.objc; path = "GSSItem+AcquireCredGlue.m"; sourceTree = "<group>"; };
		D336E229182AE174009271CD /* GSSKit.framework */ = {isa = PBXFileReference; explicitFileType = wrapper.framework; includeInIndex = 0; path = GSSKit.framework; sourceTree = BUILT_PRODUCTS_DIR; };
		D336E22C182AE174009271CD /* Cocoa.framework */ = {isa = PBXFileReference; lastKnownFileType = wrapper.framework; name = Cocoa.framework; path = System/Library/Frameworks/Cocoa.framework; sourceTree = SDKROOT; };
		D336E22F182AE174009271CD /* Foundation.framework */ = {isa = PBXFileReference; lastKnownFileType = wrapper.framework; name = Foundation.framework; path = System/Library/Frameworks/Foundation.framework; sourceTree = SDKROOT; };
		D336E230182AE174009271CD /* CoreData.framework */ = {isa = PBXFileReference; lastKnownFileType = wrapper.framework; name = CoreData.framework; path = System/Library/Frameworks/CoreData.framework; sourceTree = SDKROOT; };
		D336E231182AE174009271CD /* AppKit.framework */ = {isa = PBXFileReference; lastKnownFileType = wrapper.framework; name = AppKit.framework; path = System/Library/Frameworks/AppKit.framework; sourceTree = SDKROOT; };
		D336E234182AE174009271CD /* GSSKit-Info.plist */ = {isa = PBXFileReference; lastKnownFileType = text.plist.xml; path = "GSSKit-Info.plist"; sourceTree = "<group>"; };
		D336E236182AE174009271CD /* en */ = {isa = PBXFileReference; lastKnownFileType = text.plist.strings; name = en; path = en.lproj/InfoPlist.strings; sourceTree = "<group>"; };
		D336E238182AE174009271CD /* GSSKit-Prefix.pch */ = {isa = PBXFileReference; lastKnownFileType = sourcecode.c.h; path = "GSSKit-Prefix.pch"; sourceTree = "<group>"; };
		D336E239182AE174009271CD /* GSSKit.h */ = {isa = PBXFileReference; lastKnownFileType = sourcecode.c.h; path = GSSKit.h; sourceTree = "<group>"; };
		D336E23A182AE174009271CD /* GSSKit.m */ = {isa = PBXFileReference; lastKnownFileType = sourcecode.c.objc; path = GSSKit.m; sourceTree = "<group>"; };
		D336E240182AE174009271CD /* GSSKitTests.xctest */ = {isa = PBXFileReference; explicitFileType = wrapper.cfbundle; includeInIndex = 0; path = GSSKitTests.xctest; sourceTree = BUILT_PRODUCTS_DIR; };
		D336E241182AE174009271CD /* XCTest.framework */ = {isa = PBXFileReference; lastKnownFileType = wrapper.framework; name = XCTest.framework; path = Library/Frameworks/XCTest.framework; sourceTree = DEVELOPER_DIR; };
		D336E249182AE174009271CD /* GSSKitTests-Info.plist */ = {isa = PBXFileReference; lastKnownFileType = text.plist.xml; path = "GSSKitTests-Info.plist"; sourceTree = "<group>"; };
		D336E24B182AE174009271CD /* en */ = {isa = PBXFileReference; lastKnownFileType = text.plist.strings; name = en; path = en.lproj/InfoPlist.strings; sourceTree = "<group>"; };
		D336E24D182AE174009271CD /* GSSKitTests.m */ = {isa = PBXFileReference; lastKnownFileType = sourcecode.c.objc; path = GSSKitTests.m; sourceTree = "<group>"; };
		D336E257182AE1C8009271CD /* GSSItem.h */ = {isa = PBXFileReference; fileEncoding = 4; lastKnownFileType = sourcecode.c.h; path = GSSItem.h; sourceTree = "<group>"; };
		D336E261182AE3B5009271CD /* CoreFoundation.framework */ = {isa = PBXFileReference; lastKnownFileType = wrapper.framework; name = CoreFoundation.framework; path = System/Library/Frameworks/CoreFoundation.framework; sourceTree = SDKROOT; };
		D336E263182AE3D1009271CD /* GSS.framework */ = {isa = PBXFileReference; lastKnownFileType = wrapper.framework; name = GSS.framework; path = System/Library/Frameworks/GSS.framework; sourceTree = SDKROOT; };
		D336E265182AF7D9009271CD /* GSSItem+SyncOperations.h */ = {isa = PBXFileReference; fileEncoding = 4; lastKnownFileType = sourcecode.c.h; path = "GSSItem+SyncOperations.h"; sourceTree = "<group>"; };
		D336E266182AF7D9009271CD /* GSSItem+SyncOperations.m */ = {isa = PBXFileReference; fileEncoding = 4; lastKnownFileType = sourcecode.c.objc; path = "GSSItem+SyncOperations.m"; sourceTree = "<group>"; };
		D336E269182B4CF2009271CD /* GSSItem.m */ = {isa = PBXFileReference; fileEncoding = 4; lastKnownFileType = sourcecode.c.objc; path = GSSItem.m; sourceTree = "<group>"; };
		D336E26B182B4D21009271CD /* GSSKit_Private.h */ = {isa = PBXFileReference; lastKnownFileType = sourcecode.c.h; path = GSSKit_Private.h; sourceTree = "<group>"; };
		D336E26C182B4E7E009271CD /* GSSItem+AsyncOperations.h */ = {isa = PBXFileReference; fileEncoding = 4; lastKnownFileType = sourcecode.c.h; path = "GSSItem+AsyncOperations.h"; sourceTree = "<group>"; };
		D336E26D182B4E7E009271CD /* GSSItem+AsyncOperations.m */ = {isa = PBXFileReference; fileEncoding = 4; lastKnownFileType = sourcecode.c.objc; path = "GSSItem+AsyncOperations.m"; sourceTree = "<group>"; };
		D336E2AB182B52BF009271CD /* GSSItem_Private.h */ = {isa = PBXFileReference; lastKnownFileType = sourcecode.c.h; path = GSSItem_Private.h; sourceTree = "<group>"; };
		D336E2B1182BA713009271CD /* GSSName.h */ = {isa = PBXFileReference; fileEncoding = 4; lastKnownFileType = sourcecode.c.h; path = GSSName.h; sourceTree = "<group>"; };
		D336E2B2182BA713009271CD /* GSSName.m */ = {isa = PBXFileReference; fileEncoding = 4; lastKnownFileType = sourcecode.c.objc; path = GSSName.m; sourceTree = "<group>"; };
		D336E2B5182BA733009271CD /* GSSCredential.h */ = {isa = PBXFileReference; fileEncoding = 4; lastKnownFileType = sourcecode.c.h; path = GSSCredential.h; sourceTree = "<group>"; };
		D336E2B6182BA733009271CD /* GSSCredential.m */ = {isa = PBXFileReference; fileEncoding = 4; lastKnownFileType = sourcecode.c.objc; path = GSSCredential.m; sourceTree = "<group>"; };
		D336E2C1182C54AD009271CD /* GSSMechanism.h */ = {isa = PBXFileReference; fileEncoding = 4; lastKnownFileType = sourcecode.c.h; path = GSSMechanism.h; sourceTree = "<group>"; };
		D336E2C2182C54AD009271CD /* GSSMechanism.m */ = {isa = PBXFileReference; fileEncoding = 4; lastKnownFileType = sourcecode.c.objc; path = GSSMechanism.m; sourceTree = "<group>"; };
		D336E2C5182C622F009271CD /* GSSBuffer.h */ = {isa = PBXFileReference; fileEncoding = 4; lastKnownFileType = sourcecode.c.h; path = GSSBuffer.h; sourceTree = "<group>"; };
		D336E2C6182C622F009271CD /* GSSBuffer.m */ = {isa = PBXFileReference; fileEncoding = 4; lastKnownFileType = sourcecode.c.objc; path = GSSBuffer.m; sourceTree = "<group>"; };
		D336E2C9182C686C009271CD /* GSSCredential+Private.h */ = {isa = PBXFileReference; fileEncoding = 4; lastKnownFileType = sourcecode.c.h; path = "GSSCredential+Private.h"; sourceTree = "<group>"; };
		D336E2CA182C686C009271CD /* GSSCredential+Private.m */ = {isa = PBXFileReference; fileEncoding = 4; lastKnownFileType = sourcecode.c.objc; path = "GSSCredential+Private.m"; sourceTree = "<group>"; };
		D336E2CD182C9999009271CD /* Security.framework */ = {isa = PBXFileReference; lastKnownFileType = wrapper.framework; name = Security.framework; path = System/Library/Frameworks/Security.framework; sourceTree = SDKROOT; };
		D336E2CF182CA2DC009271CD /* GSSChannelBindings.h */ = {isa = PBXFileReference; fileEncoding = 4; lastKnownFileType = sourcecode.c.h; path = GSSChannelBindings.h; sourceTree = "<group>"; };
		D336E2D0182CA2DC009271CD /* GSSChannelBindings.m */ = {isa = PBXFileReference; fileEncoding = 4; lastKnownFileType = sourcecode.c.objc; path = GSSChannelBindings.m; sourceTree = "<group>"; };
		D336E2D3182CA4C8009271CD /* GSSContext.h */ = {isa = PBXFileReference; fileEncoding = 4; lastKnownFileType = sourcecode.c.h; path = GSSContext.h; sourceTree = "<group>"; };
		D336E2D4182CA4C8009271CD /* GSSContext.m */ = {isa = PBXFileReference; fileEncoding = 4; lastKnownFileType = sourcecode.c.objc; path = GSSContext.m; sourceTree = "<group>"; };
		D336E2DB182CC51F009271CD /* GSSURLSessionAuthenticationDelegate.h */ = {isa = PBXFileReference; fileEncoding = 4; lastKnownFileType = sourcecode.c.h; path = GSSURLSessionAuthenticationDelegate.h; sourceTree = "<group>"; };
		D336E2DC182CC51F009271CD /* GSSURLSessionAuthenticationDelegate.m */ = {isa = PBXFileReference; fileEncoding = 4; lastKnownFileType = sourcecode.c.objc; path = GSSURLSessionAuthenticationDelegate.m; sourceTree = "<group>"; };
		D336E2DF182D0A9A009271CD /* NSError+GSSErrorHelper.h */ = {isa = PBXFileReference; fileEncoding = 4; lastKnownFileType = sourcecode.c.h; path = "NSError+GSSErrorHelper.h"; sourceTree = "<group>"; };
		D336E2E0182D0A9A009271CD /* NSError+GSSErrorHelper.m */ = {isa = PBXFileReference; fileEncoding = 4; lastKnownFileType = sourcecode.c.objc; path = "NSError+GSSErrorHelper.m"; sourceTree = "<group>"; };
		D336E2E3182D0B16009271CD /* NSString+GSSBufferHelper.h */ = {isa = PBXFileReference; fileEncoding = 4; lastKnownFileType = sourcecode.c.h; path = "NSString+GSSBufferHelper.h"; sourceTree = "<group>"; };
		D336E2E4182D0B16009271CD /* NSString+GSSBufferHelper.m */ = {isa = PBXFileReference; fileEncoding = 4; lastKnownFileType = sourcecode.c.objc; path = "NSString+GSSBufferHelper.m"; sourceTree = "<group>"; };
		D336E2E7182D0B6E009271CD /* NSArray+GSSOIDHelper.h */ = {isa = PBXFileReference; fileEncoding = 4; lastKnownFileType = sourcecode.c.h; path = "NSArray+GSSOIDHelper.h"; sourceTree = "<group>"; };
		D336E2E8182D0B6E009271CD /* NSArray+GSSOIDHelper.m */ = {isa = PBXFileReference; fileEncoding = 4; lastKnownFileType = sourcecode.c.objc; path = "NSArray+GSSOIDHelper.m"; sourceTree = "<group>"; };
		D39EB1031872D6B500C43A24 /* Heimdal.framework */ = {isa = PBXFileReference; lastKnownFileType = wrapper.framework; name = Heimdal.framework; path = ../../../../../System/Library/PrivateFrameworks/Heimdal.framework; sourceTree = "<group>"; };
		D3B0942D1877CFB3006DB1DE /* mechqueue.h */ = {isa = PBXFileReference; fileEncoding = 4; lastKnownFileType = sourcecode.c.h; path = mechqueue.h; sourceTree = "<group>"; };
		D3BED8FD1873E6F700623B92 /* CFBridgeHelper.h */ = {isa = PBXFileReference; fileEncoding = 4; lastKnownFileType = sourcecode.c.h; path = CFBridgeHelper.h; sourceTree = "<group>"; };
/* End PBXFileReference section */

/* Begin PBXFrameworksBuildPhase section */
		D336E225182AE174009271CD /* Frameworks */ = {
			isa = PBXFrameworksBuildPhase;
			buildActionMask = 2147483647;
			files = (
				D39EB1041872D6B500C43A24 /* Heimdal.framework in Frameworks */,
				D336E2CE182C9999009271CD /* Security.framework in Frameworks */,
				D336E264182AE3D1009271CD /* GSS.framework in Frameworks */,
				D336E262182AE3B5009271CD /* CoreFoundation.framework in Frameworks */,
				D336E260182AE3B5009271CD /* Foundation.framework in Frameworks */,
			);
			runOnlyForDeploymentPostprocessing = 0;
		};
		D336E23D182AE174009271CD /* Frameworks */ = {
			isa = PBXFrameworksBuildPhase;
			buildActionMask = 2147483647;
			files = (
				D336E243182AE174009271CD /* Cocoa.framework in Frameworks */,
				D336E242182AE174009271CD /* XCTest.framework in Frameworks */,
				D336E246182AE174009271CD /* GSSKit.framework in Frameworks */,
			);
			runOnlyForDeploymentPostprocessing = 0;
		};
/* End PBXFrameworksBuildPhase section */

/* Begin PBXGroup section */
		D336E21F182AE174009271CD = {
			isa = PBXGroup;
			children = (
				D336E232182AE174009271CD /* GSSKit */,
				D336E247182AE174009271CD /* GSSKitTests */,
				D336E22B182AE174009271CD /* Frameworks */,
				D336E22A182AE174009271CD /* Products */,
			);
			sourceTree = "<group>";
		};
		D336E22A182AE174009271CD /* Products */ = {
			isa = PBXGroup;
			children = (
				D336E229182AE174009271CD /* GSSKit.framework */,
				D336E240182AE174009271CD /* GSSKitTests.xctest */,
			);
			name = Products;
			sourceTree = "<group>";
		};
		D336E22B182AE174009271CD /* Frameworks */ = {
			isa = PBXGroup;
			children = (
				D39EB1031872D6B500C43A24 /* Heimdal.framework */,
				D336E2CD182C9999009271CD /* Security.framework */,
				D336E263182AE3D1009271CD /* GSS.framework */,
				D336E261182AE3B5009271CD /* CoreFoundation.framework */,
				D336E22C182AE174009271CD /* Cocoa.framework */,
				D336E241182AE174009271CD /* XCTest.framework */,
				D336E22E182AE174009271CD /* Other Frameworks */,
			);
			name = Frameworks;
			sourceTree = "<group>";
		};
		D336E22E182AE174009271CD /* Other Frameworks */ = {
			isa = PBXGroup;
			children = (
				D336E22F182AE174009271CD /* Foundation.framework */,
				D336E230182AE174009271CD /* CoreData.framework */,
				D336E231182AE174009271CD /* AppKit.framework */,
			);
			name = "Other Frameworks";
			sourceTree = "<group>";
		};
		D336E232182AE174009271CD /* GSSKit */ = {
			isa = PBXGroup;
			children = (
				D336E2D3182CA4C8009271CD /* GSSContext.h */,
				D336E2D4182CA4C8009271CD /* GSSContext.m */,
				D336E2DB182CC51F009271CD /* GSSURLSessionAuthenticationDelegate.h */,
				D336E2DC182CC51F009271CD /* GSSURLSessionAuthenticationDelegate.m */,
				D336E257182AE1C8009271CD /* GSSItem.h */,
				D336E269182B4CF2009271CD /* GSSItem.m */,
				D336E2AB182B52BF009271CD /* GSSItem_Private.h */,
				D336E26C182B4E7E009271CD /* GSSItem+AsyncOperations.h */,
				D336E26D182B4E7E009271CD /* GSSItem+AsyncOperations.m */,
				D336E265182AF7D9009271CD /* GSSItem+SyncOperations.h */,
				D336E266182AF7D9009271CD /* GSSItem+SyncOperations.m */,
				D30C96DB1830F6490036FD8C /* GSSItem+AcquireCredGlue.h */,
				D30C96DC1830F6490036FD8C /* GSSItem+AcquireCredGlue.m */,
				D30C96CB182E0CCF0036FD8C /* GSSCFItem.h */,
				D30C96CC182E0CCF0036FD8C /* GSSCFItem.m */,
				D336E239182AE174009271CD /* GSSKit.h */,
				D336E26B182B4D21009271CD /* GSSKit_Private.h */,
				D336E23A182AE174009271CD /* GSSKit.m */,
				D3B0942D1877CFB3006DB1DE /* mechqueue.h */,
				D3BED8FD1873E6F700623B92 /* CFBridgeHelper.h */,
				D336E2E7182D0B6E009271CD /* NSArray+GSSOIDHelper.h */,
				D336E2E8182D0B6E009271CD /* NSArray+GSSOIDHelper.m */,
				D336E2E3182D0B16009271CD /* NSString+GSSBufferHelper.h */,
				D336E2E4182D0B16009271CD /* NSString+GSSBufferHelper.m */,
				D336E2DF182D0A9A009271CD /* NSError+GSSErrorHelper.h */,
				D336E2E0182D0A9A009271CD /* NSError+GSSErrorHelper.m */,
				D336E2B1182BA713009271CD /* GSSName.h */,
				D30C96C3182E0CBE0036FD8C /* GSSCFName.h */,
				D336E2B2182BA713009271CD /* GSSName.m */,
				D30C96C4182E0CBE0036FD8C /* GSSCFName.m */,
				D336E2C1182C54AD009271CD /* GSSMechanism.h */,
				D336E2C2182C54AD009271CD /* GSSMechanism.m */,
				D30C96D7182F53780036FD8C /* GSSName+Private.h */,
				D30C96D8182F53780036FD8C /* GSSName+Private.m */,
				D30C96D3182F52750036FD8C /* GSSMechanism+Private.h */,
				D30C96D4182F52750036FD8C /* GSSMechanism+Private.m */,
				D336E2B5182BA733009271CD /* GSSCredential.h */,
				D336E2B6182BA733009271CD /* GSSCredential.m */,
				D336E2C9182C686C009271CD /* GSSCredential+Private.h */,
				D336E2CA182C686C009271CD /* GSSCredential+Private.m */,
				D30C96C7182E0CC80036FD8C /* GSSCFCredential.h */,
				D30C96C8182E0CC80036FD8C /* GSSCFCredential.m */,
				D336E2CF182CA2DC009271CD /* GSSChannelBindings.h */,
				D336E2D0182CA2DC009271CD /* GSSChannelBindings.m */,
				D30C96CF182F522C0036FD8C /* GSSChannelBindings+Private.h */,
				D30C96D0182F522C0036FD8C /* GSSChannelBindings+Private.m */,
				D336E2C5182C622F009271CD /* GSSBuffer.h */,
				D336E2C6182C622F009271CD /* GSSBuffer.m */,
				D336E233182AE174009271CD /* Supporting Files */,
			);
			path = GSSKit;
			sourceTree = "<group>";
		};
		D336E233182AE174009271CD /* Supporting Files */ = {
			isa = PBXGroup;
			children = (
				D336E234182AE174009271CD /* GSSKit-Info.plist */,
				D336E235182AE174009271CD /* InfoPlist.strings */,
				D336E238182AE174009271CD /* GSSKit-Prefix.pch */,
			);
			name = "Supporting Files";
			sourceTree = "<group>";
		};
		D336E247182AE174009271CD /* GSSKitTests */ = {
			isa = PBXGroup;
			children = (
				D336E24D182AE174009271CD /* GSSKitTests.m */,
				D336E248182AE174009271CD /* Supporting Files */,
			);
			path = GSSKitTests;
			sourceTree = "<group>";
		};
		D336E248182AE174009271CD /* Supporting Files */ = {
			isa = PBXGroup;
			children = (
				D336E249182AE174009271CD /* GSSKitTests-Info.plist */,
				D336E24A182AE174009271CD /* InfoPlist.strings */,
			);
			name = "Supporting Files";
			sourceTree = "<group>";
		};
/* End PBXGroup section */

/* Begin PBXHeadersBuildPhase section */
		D336E226182AE174009271CD /* Headers */ = {
			isa = PBXHeadersBuildPhase;
			buildActionMask = 2147483647;
			files = (
				D336E2B3182BA713009271CD /* GSSName.h in Headers */,
				D336E2B7182BA733009271CD /* GSSCredential.h in Headers */,
				D336E2D1182CA2DC009271CD /* GSSChannelBindings.h in Headers */,
				D336E2C3182C54AD009271CD /* GSSMechanism.h in Headers */,
				D30C96BE182E05800036FD8C /* GSSKit.h in Headers */,
				D336E2E1182D0A9A009271CD /* NSError+GSSErrorHelper.h in Headers */,
				D30C96CD182E0CCF0036FD8C /* GSSCFItem.h in Headers */,
				D336E2D5182CA4C8009271CD /* GSSContext.h in Headers */,
				D336E2DD182CC51F009271CD /* GSSURLSessionAuthenticationDelegate.h in Headers */,
				D30C96D1182F522C0036FD8C /* GSSChannelBindings+Private.h in Headers */,
				D30C96C9182E0CC80036FD8C /* GSSCFCredential.h in Headers */,
				D30C96DD1830F6490036FD8C /* GSSItem+AcquireCredGlue.h in Headers */,
				D336E26E182B4E7E009271CD /* GSSItem+AsyncOperations.h in Headers */,
				D30C96D9182F53780036FD8C /* GSSName+Private.h in Headers */,
				D336E258182AE1C8009271CD /* GSSItem.h in Headers */,
				D336E2E9182D0B6E009271CD /* NSArray+GSSOIDHelper.h in Headers */,
				D336E2E5182D0B16009271CD /* NSString+GSSBufferHelper.h in Headers */,
				D336E2C7182C622F009271CD /* GSSBuffer.h in Headers */,
				D30C96D5182F52750036FD8C /* GSSMechanism+Private.h in Headers */,
				D3B0942E1877CFB3006DB1DE /* mechqueue.h in Headers */,
				D3BED8FE1873E6F700623B92 /* CFBridgeHelper.h in Headers */,
				D336E267182AF7DA009271CD /* GSSItem+SyncOperations.h in Headers */,
				D336E2CB182C686C009271CD /* GSSCredential+Private.h in Headers */,
				D30C96C5182E0CBE0036FD8C /* GSSCFName.h in Headers */,
			);
			runOnlyForDeploymentPostprocessing = 0;
		};
/* End PBXHeadersBuildPhase section */

/* Begin PBXNativeTarget section */
		D336E228182AE174009271CD /* GSSKit */ = {
			isa = PBXNativeTarget;
			buildConfigurationList = D336E251182AE174009271CD /* Build configuration list for PBXNativeTarget "GSSKit" */;
			buildPhases = (
				D336E224182AE174009271CD /* Sources */,
				D336E225182AE174009271CD /* Frameworks */,
				D336E226182AE174009271CD /* Headers */,
				D336E227182AE174009271CD /* Resources */,
			);
			buildRules = (
			);
			dependencies = (
			);
			name = GSSKit;
			productName = GSSKit;
			productReference = D336E229182AE174009271CD /* GSSKit.framework */;
			productType = "com.apple.product-type.framework";
		};
		D336E23F182AE174009271CD /* GSSKitTests */ = {
			isa = PBXNativeTarget;
			buildConfigurationList = D336E254182AE174009271CD /* Build configuration list for PBXNativeTarget "GSSKitTests" */;
			buildPhases = (
				D336E23C182AE174009271CD /* Sources */,
				D336E23D182AE174009271CD /* Frameworks */,
				D336E23E182AE174009271CD /* Resources */,
			);
			buildRules = (
			);
			dependencies = (
				D336E245182AE174009271CD /* PBXTargetDependency */,
			);
			name = GSSKitTests;
			productName = GSSKitTests;
			productReference = D336E240182AE174009271CD /* GSSKitTests.xctest */;
			productType = "com.apple.product-type.bundle.unit-test";
		};
/* End PBXNativeTarget section */

/* Begin PBXProject section */
		D336E220182AE174009271CD /* Project object */ = {
			isa = PBXProject;
			attributes = {
				LastUpgradeCheck = 0500;
				ORGANIZATIONNAME = "PADL Software Pty Ltd";
				TargetAttributes = {
					D336E23F182AE174009271CD = {
						TestTargetID = D336E228182AE174009271CD;
					};
				};
			};
			buildConfigurationList = D336E223182AE174009271CD /* Build configuration list for PBXProject "GSSKit" */;
			compatibilityVersion = "Xcode 3.2";
			developmentRegion = English;
			hasScannedForEncodings = 0;
			knownRegions = (
				en,
			);
			mainGroup = D336E21F182AE174009271CD;
			productRefGroup = D336E22A182AE174009271CD /* Products */;
			projectDirPath = "";
			projectRoot = "";
			targets = (
				D336E228182AE174009271CD /* GSSKit */,
				D336E23F182AE174009271CD /* GSSKitTests */,
			);
		};
/* End PBXProject section */

/* Begin PBXResourcesBuildPhase section */
		D336E227182AE174009271CD /* Resources */ = {
			isa = PBXResourcesBuildPhase;
			buildActionMask = 2147483647;
			files = (
				D336E237182AE174009271CD /* InfoPlist.strings in Resources */,
			);
			runOnlyForDeploymentPostprocessing = 0;
		};
		D336E23E182AE174009271CD /* Resources */ = {
			isa = PBXResourcesBuildPhase;
			buildActionMask = 2147483647;
			files = (
				D336E24C182AE174009271CD /* InfoPlist.strings in Resources */,
			);
			runOnlyForDeploymentPostprocessing = 0;
		};
/* End PBXResourcesBuildPhase section */

/* Begin PBXSourcesBuildPhase section */
		D336E224182AE174009271CD /* Sources */ = {
			isa = PBXSourcesBuildPhase;
			buildActionMask = 2147483647;
			files = (
				D30C96DE1830F6490036FD8C /* GSSItem+AcquireCredGlue.m in Sources */,
				D336E2E2182D0A9A009271CD /* NSError+GSSErrorHelper.m in Sources */,
				D30C96D6182F52750036FD8C /* GSSMechanism+Private.m in Sources */,
				D30C96C6182E0CBE0036FD8C /* GSSCFName.m in Sources */,
				D336E2DE182CC51F009271CD /* GSSURLSessionAuthenticationDelegate.m in Sources */,
				D336E2B8182BA733009271CD /* GSSCredential.m in Sources */,
				D30C96D2182F522C0036FD8C /* GSSChannelBindings+Private.m in Sources */,
				D336E26F182B4E7E009271CD /* GSSItem+AsyncOperations.m in Sources */,
				D336E26A182B4CF2009271CD /* GSSItem.m in Sources */,
				D336E2E6182D0B16009271CD /* NSString+GSSBufferHelper.m in Sources */,
				D30C96DA182F53780036FD8C /* GSSName+Private.m in Sources */,
				D336E2C8182C622F009271CD /* GSSBuffer.m in Sources */,
				D30C96CA182E0CC80036FD8C /* GSSCFCredential.m in Sources */,
				D336E2B4182BA713009271CD /* GSSName.m in Sources */,
				D336E2D6182CA4C8009271CD /* GSSContext.m in Sources */,
				D30C96CE182E0CCF0036FD8C /* GSSCFItem.m in Sources */,
				D336E2EA182D0B6E009271CD /* NSArray+GSSOIDHelper.m in Sources */,
				D336E2D2182CA2DC009271CD /* GSSChannelBindings.m in Sources */,
				D336E268182AF7DA009271CD /* GSSItem+SyncOperations.m in Sources */,
				D336E2CC182C686C009271CD /* GSSCredential+Private.m in Sources */,
				D336E2C4182C54AD009271CD /* GSSMechanism.m in Sources */,
				D336E23B182AE174009271CD /* GSSKit.m in Sources */,
			);
			runOnlyForDeploymentPostprocessing = 0;
		};
		D336E23C182AE174009271CD /* Sources */ = {
			isa = PBXSourcesBuildPhase;
			buildActionMask = 2147483647;
			files = (
				D336E24E182AE174009271CD /* GSSKitTests.m in Sources */,
			);
			runOnlyForDeploymentPostprocessing = 0;
		};
/* End PBXSourcesBuildPhase section */

/* Begin PBXTargetDependency section */
		D336E245182AE174009271CD /* PBXTargetDependency */ = {
			isa = PBXTargetDependency;
			target = D336E228182AE174009271CD /* GSSKit */;
			targetProxy = D336E244182AE174009271CD /* PBXContainerItemProxy */;
		};
/* End PBXTargetDependency section */

/* Begin PBXVariantGroup section */
		D336E235182AE174009271CD /* InfoPlist.strings */ = {
			isa = PBXVariantGroup;
			children = (
				D336E236182AE174009271CD /* en */,
			);
			name = InfoPlist.strings;
			sourceTree = "<group>";
		};
		D336E24A182AE174009271CD /* InfoPlist.strings */ = {
			isa = PBXVariantGroup;
			children = (
				D336E24B182AE174009271CD /* en */,
			);
			name = InfoPlist.strings;
			sourceTree = "<group>";
		};
/* End PBXVariantGroup section */

/* Begin XCBuildConfiguration section */
		D336E24F182AE174009271CD /* Debug */ = {
			isa = XCBuildConfiguration;
			buildSettings = {
				ALWAYS_SEARCH_USER_PATHS = NO;
				CLANG_CXX_LANGUAGE_STANDARD = "gnu++0x";
				CLANG_CXX_LIBRARY = "libc++";
				CLANG_ENABLE_OBJC_ARC = YES;
				CLANG_WARN_BOOL_CONVERSION = YES;
				CLANG_WARN_CONSTANT_CONVERSION = YES;
				CLANG_WARN_DIRECT_OBJC_ISA_USAGE = YES_ERROR;
				CLANG_WARN_EMPTY_BODY = YES;
				CLANG_WARN_ENUM_CONVERSION = YES;
				CLANG_WARN_INT_CONVERSION = YES;
				CLANG_WARN_OBJC_ROOT_CLASS = YES_ERROR;
				CLANG_WARN__DUPLICATE_METHOD_MATCH = YES;
				COPY_PHASE_STRIP = NO;
				GCC_C_LANGUAGE_STANDARD = gnu99;
				GCC_DYNAMIC_NO_PIC = NO;
				GCC_ENABLE_OBJC_EXCEPTIONS = YES;
				GCC_OPTIMIZATION_LEVEL = 0;
				GCC_PREPROCESSOR_DEFINITIONS = (
					"DEBUG=1",
					"$(inherited)",
				);
				GCC_SYMBOLS_PRIVATE_EXTERN = NO;
				GCC_WARN_64_TO_32_BIT_CONVERSION = YES;
				GCC_WARN_ABOUT_RETURN_TYPE = YES_ERROR;
				GCC_WARN_UNDECLARED_SELECTOR = YES;
				GCC_WARN_UNINITIALIZED_AUTOS = YES;
				GCC_WARN_UNUSED_FUNCTION = YES;
				GCC_WARN_UNUSED_VARIABLE = YES;
				MACOSX_DEPLOYMENT_TARGET = 10.9;
				ONLY_ACTIVE_ARCH = YES;
				SDKROOT = macosx;
			};
			name = Debug;
		};
		D336E250182AE174009271CD /* Release */ = {
			isa = XCBuildConfiguration;
			buildSettings = {
				ALWAYS_SEARCH_USER_PATHS = NO;
				CLANG_CXX_LANGUAGE_STANDARD = "gnu++0x";
				CLANG_CXX_LIBRARY = "libc++";
				CLANG_ENABLE_OBJC_ARC = YES;
				CLANG_WARN_BOOL_CONVERSION = YES;
				CLANG_WARN_CONSTANT_CONVERSION = YES;
				CLANG_WARN_DIRECT_OBJC_ISA_USAGE = YES_ERROR;
				CLANG_WARN_EMPTY_BODY = YES;
				CLANG_WARN_ENUM_CONVERSION = YES;
				CLANG_WARN_INT_CONVERSION = YES;
				CLANG_WARN_OBJC_ROOT_CLASS = YES_ERROR;
				CLANG_WARN__DUPLICATE_METHOD_MATCH = YES;
				COPY_PHASE_STRIP = YES;
				DEBUG_INFORMATION_FORMAT = "dwarf-with-dsym";
				ENABLE_NS_ASSERTIONS = NO;
				GCC_C_LANGUAGE_STANDARD = gnu99;
				GCC_ENABLE_OBJC_EXCEPTIONS = YES;
				GCC_WARN_64_TO_32_BIT_CONVERSION = YES;
				GCC_WARN_ABOUT_RETURN_TYPE = YES_ERROR;
				GCC_WARN_UNDECLARED_SELECTOR = YES;
				GCC_WARN_UNINITIALIZED_AUTOS = YES;
				GCC_WARN_UNUSED_FUNCTION = YES;
				GCC_WARN_UNUSED_VARIABLE = YES;
				MACOSX_DEPLOYMENT_TARGET = 10.9;
				SDKROOT = macosx;
			};
			name = Release;
		};
		D336E252182AE174009271CD /* Debug */ = {
			isa = XCBuildConfiguration;
			buildSettings = {
				COMBINE_HIDPI_IMAGES = YES;
				DYLIB_COMPATIBILITY_VERSION = 1;
				DYLIB_CURRENT_VERSION = 1;
				FRAMEWORK_SEARCH_PATHS = (
					"$(inherited)",
					"$(SYSTEM_LIBRARY_DIR)/PrivateFrameworks",
				);
				FRAMEWORK_VERSION = A;
				GCC_PRECOMPILE_PREFIX_HEADER = YES;
				GCC_PREFIX_HEADER = "GSSKit/GSSKit-Prefix.pch";
				GCC_SYMBOLS_PRIVATE_EXTERN = YES;
				INFOPLIST_FILE = "GSSKit/GSSKit-Info.plist";
				PRODUCT_NAME = "$(TARGET_NAME)";
				WRAPPER_EXTENSION = framework;
			};
			name = Debug;
		};
		D336E253182AE174009271CD /* Release */ = {
			isa = XCBuildConfiguration;
			buildSettings = {
				COMBINE_HIDPI_IMAGES = YES;
				DYLIB_COMPATIBILITY_VERSION = 1;
				DYLIB_CURRENT_VERSION = 1;
				FRAMEWORK_SEARCH_PATHS = (
					"$(inherited)",
					"$(SYSTEM_LIBRARY_DIR)/PrivateFrameworks",
				);
				FRAMEWORK_VERSION = A;
				GCC_PRECOMPILE_PREFIX_HEADER = YES;
				GCC_PREFIX_HEADER = "GSSKit/GSSKit-Prefix.pch";
				GCC_SYMBOLS_PRIVATE_EXTERN = YES;
				INFOPLIST_FILE = "GSSKit/GSSKit-Info.plist";
				PRODUCT_NAME = "$(TARGET_NAME)";
				WRAPPER_EXTENSION = framework;
			};
			name = Release;
		};
		D336E255182AE174009271CD /* Debug */ = {
			isa = XCBuildConfiguration;
			buildSettings = {
				BUNDLE_LOADER = "$(BUILT_PRODUCTS_DIR)/GSSKit.framework/Versions/A/GSSKit";
				COMBINE_HIDPI_IMAGES = YES;
				FRAMEWORK_SEARCH_PATHS = (
					"$(DEVELOPER_FRAMEWORKS_DIR)",
					"$(inherited)",
				);
				GCC_PRECOMPILE_PREFIX_HEADER = YES;
				GCC_PREFIX_HEADER = "GSSKit/GSSKit-Prefix.pch";
				GCC_PREPROCESSOR_DEFINITIONS = (
					"DEBUG=1",
					"$(inherited)",
				);
				INFOPLIST_FILE = "GSSKitTests/GSSKitTests-Info.plist";
				PRODUCT_NAME = "$(TARGET_NAME)";
				TEST_HOST = "$(BUNDLE_LOADER)";
				WRAPPER_EXTENSION = xctest;
			};
			name = Debug;
		};
		D336E256182AE174009271CD /* Release */ = {
			isa = XCBuildConfiguration;
			buildSettings = {
				BUNDLE_LOADER = "$(BUILT_PRODUCTS_DIR)/GSSKit.framework/Versions/A/GSSKit";
				COMBINE_HIDPI_IMAGES = YES;
				FRAMEWORK_SEARCH_PATHS = (
					"$(DEVELOPER_FRAMEWORKS_DIR)",
					"$(inherited)",
				);
				GCC_PRECOMPILE_PREFIX_HEADER = YES;
				GCC_PREFIX_HEADER = "GSSKit/GSSKit-Prefix.pch";
				INFOPLIST_FILE = "GSSKitTests/GSSKitTests-Info.plist";
				PRODUCT_NAME = "$(TARGET_NAME)";
				TEST_HOST = "$(BUNDLE_LOADER)";
				WRAPPER_EXTENSION = xctest;
			};
			name = Release;
		};
/* End XCBuildConfiguration section */

/* Begin XCConfigurationList section */
		D336E223182AE174009271CD /* Build configuration list for PBXProject "GSSKit" */ = {
			isa = XCConfigurationList;
			buildConfigurations = (
				D336E24F182AE174009271CD /* Debug */,
				D336E250182AE174009271CD /* Release */,
			);
			defaultConfigurationIsVisible = 0;
			defaultConfigurationName = Release;
		};
		D336E251182AE174009271CD /* Build configuration list for PBXNativeTarget "GSSKit" */ = {
			isa = XCConfigurationList;
			buildConfigurations = (
				D336E252182AE174009271CD /* Debug */,
				D336E253182AE174009271CD /* Release */,
			);
			defaultConfigurationIsVisible = 0;
			defaultConfigurationName = Release;
		};
		D336E254182AE174009271CD /* Build configuration list for PBXNativeTarget "GSSKitTests" */ = {
			isa = XCConfigurationList;
			buildConfigurations = (
				D336E255182AE174009271CD /* Debug */,
				D336E256182AE174009271CD /* Release */,
			);
			defaultConfigurationIsVisible = 0;
			defaultConfigurationName = Release;
		};
/* End XCConfigurationList section */
	};
	rootObject = D336E220182AE174009271CD /* Project object */;
}
